
Microsoft Visual Studio Solution File, Format Version 12.00
# Visual Studio Version 17
VisualStudioVersion = 17.11.35222.181
MinimumVisualStudioVersion = 10.0.40219.1
Project("{9A19103F-16F7-4668-BE54-9A1E7A4F7556}") = "KursuchServ", "KursuchServ\KursuchServ.csproj", "{B7EF0805-8A70-4CEC-86B9-4989C532F2E7}"
EndProject
Global
	GlobalSection(SolutionConfigurationPlatforms) = preSolution
		Debug|Any CPU = Debug|Any CPU
		Release|Any CPU = Release|Any CPU
	EndGlobalSection
	GlobalSection(ProjectConfigurationPlatforms) = postSolution
		{B7EF0805-8A70-4CEC-86B9-4989C532F2E7}.Debug|Any CPU.ActiveCfg = Debug|Any CPU
		{B7EF0805-8A70-4CEC-86B9-4989C532F2E7}.Debug|Any CPU.Build.0 = Debug|Any CPU
		{B7EF0805-8A70-4CEC-86B9-4989C532F2E7}.Release|Any CPU.ActiveCfg = Release|Any CPU
		{B7EF0805-8A70-4CEC-86B9-4989C532F2E7}.Release|Any CPU.Build.0 = Release|Any CPU
	EndGlobalSection
	GlobalSection(SolutionProperties) = preSolution
		HideSolutionNode = FALSE
	EndGlobalSection
	GlobalSection(ExtensibilityGlobals) = postSolution
		SolutionGuid = {D3E442EA-3449-4707-BE39-9709C4E6C31A}
	EndGlobalSection
EndGlobal
