
Microsoft Visual Studio Solution File, Format Version 12.00
# Visual Studio Version 17
VisualStudioVersion = 17.11.35222.181
MinimumVisualStudioVersion = 10.0.40219.1
Project("{9A19103F-16F7-4668-BE54-9A1E7A4F7556}") = "Server", "Server\Server.csproj", "{B7EF0805-8A70-4CEC-86B9-4989C532F2E7}"
EndProject
Project("{9A19103F-16F7-4668-BE54-9A1E7A4F7556}") = "EntitiesLibrary", "Entities\EntitiesLibrary.csproj", "{4F3DAC6B-8A2A-49D7-A3B2-5A8D42EC246C}"
EndProject
Project("{9A19103F-16F7-4668-BE54-9A1E7A4F7556}") = "PasswordHasherLibrary", "PasswordHasher\PasswordHasherLibrary.csproj", "{F5BD9B8A-EB2F-44B5-9D01-DA6C0206F900}"
EndProject
Project("{9A19103F-16F7-4668-BE54-9A1E7A4F7556}") = "TokenServiceLibrary", "TokenSession\TokenServiceLibrary.csproj", "{6F51D77E-95F7-48D3-81A3-55C3517AE020}"
EndProject
Project("{FAE04EC0-301F-11D3-BF4B-00C04F79EFBC}") = "Server.Tests", "Server.Tests\Server.Tests.csproj", "{6C927ED5-A8CF-4CCC-8EDB-B9CCC48C232C}"
EndProject
Project("{2150E333-8FDC-42A3-9474-1A3956D46DE8}") = "Элементы решения", "Элементы решения", "{3B52D059-BAB5-4A98-A760-8A626642F6D8}"
	ProjectSection(SolutionItems) = preProject
		.gitattributes = .gitattributes
		Dockerfile = Dockerfile
	EndProjectSection
EndProject
Global
	GlobalSection(SolutionConfigurationPlatforms) = preSolution
		Debug|Any CPU = Debug|Any CPU
		Release|Any CPU = Release|Any CPU
	EndGlobalSection
	GlobalSection(ProjectConfigurationPlatforms) = postSolution
		{B7EF0805-8A70-4CEC-86B9-4989C532F2E7}.Debug|Any CPU.ActiveCfg = Debug|Any CPU
		{B7EF0805-8A70-4CEC-86B9-4989C532F2E7}.Debug|Any CPU.Build.0 = Debug|Any CPU
		{B7EF0805-8A70-4CEC-86B9-4989C532F2E7}.Release|Any CPU.ActiveCfg = Release|Any CPU
		{B7EF0805-8A70-4CEC-86B9-4989C532F2E7}.Release|Any CPU.Build.0 = Release|Any CPU
		{4F3DAC6B-8A2A-49D7-A3B2-5A8D42EC246C}.Debug|Any CPU.ActiveCfg = Debug|Any CPU
		{4F3DAC6B-8A2A-49D7-A3B2-5A8D42EC246C}.Debug|Any CPU.Build.0 = Debug|Any CPU
		{4F3DAC6B-8A2A-49D7-A3B2-5A8D42EC246C}.Release|Any CPU.ActiveCfg = Release|Any CPU
		{4F3DAC6B-8A2A-49D7-A3B2-5A8D42EC246C}.Release|Any CPU.Build.0 = Release|Any CPU
		{F5BD9B8A-EB2F-44B5-9D01-DA6C0206F900}.Debug|Any CPU.ActiveCfg = Debug|Any CPU
		{F5BD9B8A-EB2F-44B5-9D01-DA6C0206F900}.Debug|Any CPU.Build.0 = Debug|Any CPU
		{F5BD9B8A-EB2F-44B5-9D01-DA6C0206F900}.Release|Any CPU.ActiveCfg = Release|Any CPU
		{F5BD9B8A-EB2F-44B5-9D01-DA6C0206F900}.Release|Any CPU.Build.0 = Release|Any CPU
		{6F51D77E-95F7-48D3-81A3-55C3517AE020}.Debug|Any CPU.ActiveCfg = Debug|Any CPU
		{6F51D77E-95F7-48D3-81A3-55C3517AE020}.Debug|Any CPU.Build.0 = Debug|Any CPU
		{6F51D77E-95F7-48D3-81A3-55C3517AE020}.Release|Any CPU.ActiveCfg = Release|Any CPU
		{6F51D77E-95F7-48D3-81A3-55C3517AE020}.Release|Any CPU.Build.0 = Release|Any CPU
		{6C927ED5-A8CF-4CCC-8EDB-B9CCC48C232C}.Debug|Any CPU.ActiveCfg = Debug|Any CPU
		{6C927ED5-A8CF-4CCC-8EDB-B9CCC48C232C}.Debug|Any CPU.Build.0 = Debug|Any CPU
		{6C927ED5-A8CF-4CCC-8EDB-B9CCC48C232C}.Release|Any CPU.ActiveCfg = Release|Any CPU
		{6C927ED5-A8CF-4CCC-8EDB-B9CCC48C232C}.Release|Any CPU.Build.0 = Release|Any CPU
	EndGlobalSection
	GlobalSection(SolutionProperties) = preSolution
		HideSolutionNode = FALSE
	EndGlobalSection
	GlobalSection(ExtensibilityGlobals) = postSolution
		SolutionGuid = {D3E442EA-3449-4707-BE39-9709C4E6C31A}
	EndGlobalSection
EndGlobal
